commit	f003d1f2119c0aef8c30673d66836084490f5734	rekha	https://github.com/MacCracken/rekha.git	0.3.5
7240760b1260fa06c53c5a139d1a2086fb439e21ac90e53eacd4bf486ac0e9ca  lib/tagged.cyr
5978751906616997dc497d5ffaa5171c92611c5cb6f6466ada2c6c1dd0b83c79  lib/net.cyr
1caa14a837ca3429be0e477b048afca7a538280f91651c6be4f15beece166781  lib/syscalls_macos.cyr
072725897707e6cc38c67510f972807c07e04cd8ba69d6881c9648f74055c8a5  lib/mmap.cyr
d676fd50e313d24a44da04ccfa51034039a9556f21d04aca7b9a1b2b79ef6228  lib/dynlib.cyr
8a3e4378e75eefbf7e6d8d098449dbe909f9b9b80a2a72624adb250eb4335c09  lib/str.cyr
69e92cc4b67f1a936f94c92ce8a4c66673758b84dba385e96fbeaa46fa692b4c  lib/alloc_agnos.cyr
e7491818093fbdb52b0df8edd05d5596567211efed9ddcb5594777aee1a85d75  lib/sadish.cyr
03922b263b4a771d7104c6dcc30b4b029c6fe40ec93fec6a0ee38ec61f7e7dd8  lib/alloc_macos.cyr
acbf37e24af05cfdd043733db630f2f4ab0a2b5bd984c111c381e271184329f1  lib/hashmap_fast.cyr
27c9752b70e797b43d30204e5077749526144495ba7021b1272067f3236d81f9  lib/args_agnos.cyr
585037b71567b54f99d3e2b90565432069fc37e5abe6bdd08d19df2081af7237  lib/sakshi.cyr
eeadd5a7b29998c0039a6758687857689b20f83d3d16c74349a403dac39e71a4  lib/atomic.cyr
15afd164ae366e1065e8c2e20e78a8f9ff9e502fbd692cb5700b88037143b458  lib/rekha.cyr
a90313240f49f1884f1bc0992daf4ee8538fe707c6998d04e163f775f4f3a1b2  lib/string.cyr
7328ec74c1b37e22094a0f22dbd2ecea4dce10700a6ba5122cf1d5bfff3a564e  lib/alloc.cyr
0847964081b1998fa584e74c5ff2a27ad183fc8e251fb620fd1fcf6f2aa9e12e  lib/syscalls_x86_64_linux.cyr
df8622429b79c3d4386f282b4e4c060737f894b7f50ee09f49b4e3f00ac37373  lib/syscalls_x86_64_agnos.cyr
8b419c88a1b4ba8d0c45055c443d4e3488e1c73881fdb7512d2731dd49e087ec  lib/fmt.cyr
09cf81bf4f10758da7967a5f6628b2feed53b0fb5e6e11cac0b273725465e6d8  lib/assert.cyr
c88c2ab7f87fdbf63d8e8cb12d43471e7863315f8053341f295b2237788e6d78  lib/args.cyr
65c97b05e22533d24bfd844646d530480b79973fa5b0277ad3f759f4398a328c  lib/chrono.cyr
942c760a65fc50f61dfedac20eb5f4f2032b8a955e13450835acff775824b811  lib/syscalls.cyr
299c2c7e203b339a6b97d3ab88d15f3465d72bda018c61e6951819eabd7cc018  lib/alloc_windows.cyr
f7b9d52f29de6d3d633962ccc765a76637091a7256eebc1da5547530eed2c44b  lib/args_win.cyr
3adc5cad2dfa0048d24bc393c4d1a13e0e77dd4983f78e895fdedd19c584203c  lib/syscalls_aarch64_linux.cyr
0236ac247d6b1bd862988661c6eadbc8b56476b473c2aa6fc28740767b9244f1  lib/bench.cyr
e46a35925484d3afbfaaac02676f51adaab953608879158d52f1b997fb5920a8  lib/vec.cyr
18a38570c1327597cd9f790a171cdef7deef4de3b7fc9ed9a6a64c1c0bc2f551  lib/io.cyr
fc52848a9c536cbda8ea205fb3f92065e89734d6e09d0bffa986382c37e4faf7  lib/setu.cyr
9927c8c76acb64f9d00464b4c551033045c412591472640683bfb7b806ec78ed  lib/rupa.cyr
9fd6444e8cfcf7950837e955473adc5bab6d7bf4fa2c15f8ce2578360c4100eb  lib/hashmap.cyr
39ee5f438c5b693c8837eda3138a471aac8f0d10f8bdeb1aea2b737bf1f7937b  lib/fnptr.cyr
5b5dd5a59b766d642d711e8c884780bfe3ba9efd2dcefb3c76230208556e8d54  lib/kashi_font_data.cyr
1b4a905ef19720025b5c11cd97ea254d245cf25c74b47cc4c83af0ba93e53e15  lib/dhancha.cyr
93aaa29cd8aebcd0a7b4de1b13541d7ebca6dfd5caf104c03fecdf19560d2910  lib/syscalls_windows.cyr
a098b84c66fa51d4449c21a05ba6be06dd907f7bcc9c375843f4de0e160f5192  lib/syscalls_linux_common.cyr
99f96283da419ad9f01d076269411c3d5214b6007a92d1bbe2356ab906a5d1a1  lib/args_macos.cyr
f731aa0abf603a82ef966e8a1d260e11bd40d842953be5d5265cf86167fa380b  lib/result.cyr
