commit	b81c14da002e601b72c1f8e053a8da1d452ef302	kashi	https://github.com/MacCracken/kashi.git	1.0.4
commit	b670dbb259130e90f4542d3ec82b5615ea021982	sadish	https://github.com/MacCracken/sadish.git	0.5.1
commit	16aa349f0f70455096032860337b785bd71f7530	rupa	https://github.com/MacCracken/rupa.git	0.1.2
commit	c14135b8fd73c5f797ea5e1bb413c8b9287b6953	rekha	https://github.com/MacCracken/rekha.git	0.3.4
d9f3b17ddbbe1bba48917c3a679807b01c39c4a1ce776efdbdfbb7a1680e86e4  lib/tagged.cyr
b96a50f8df3b533649d09cd239578811a22097434e09d89b113ce8b7f56801db  lib/net.cyr
8ac4c97920a8e743acd08fbfe90a5e67d572eae1d31d7cf83bf4fa014c0857e0  lib/syscalls_macos.cyr
1f37b1a26c04b67b76191282bde9f4a2b3129286afaa9671f603e89f95be1006  lib/mmap.cyr
f13dde26ce0a3509dec70fe0d0965ec784dfda55a9f54730eb1762a8c7f1fc96  lib/dynlib.cyr
8a3e4378e75eefbf7e6d8d098449dbe909f9b9b80a2a72624adb250eb4335c09  lib/str.cyr
69e92cc4b67f1a936f94c92ce8a4c66673758b84dba385e96fbeaa46fa692b4c  lib/alloc_agnos.cyr
36eb1f52c8712aa9b534035cb473abcab85ccd148d1c498a0586b38f6a512160  lib/sadish.cyr
03922b263b4a771d7104c6dcc30b4b029c6fe40ec93fec6a0ee38ec61f7e7dd8  lib/alloc_macos.cyr
27c9752b70e797b43d30204e5077749526144495ba7021b1272067f3236d81f9  lib/args_agnos.cyr
13479bd767d2d10da93aafa6afd5bf322327882e5e787697ecd9670ff41b82db  lib/sakshi.cyr
7b045871f231519e65f28a4b7abfbae6dd8e586ce03053fd367b3a119e8303c9  lib/atomic.cyr
b83a7c83d50b615c9a61c84a6f363dbd2ac8ffa8f644fbfa9b465a5581d0429d  lib/rekha.cyr
a90313240f49f1884f1bc0992daf4ee8538fe707c6998d04e163f775f4f3a1b2  lib/string.cyr
f4ce38c70bb7db2b60ebb3dc2d8f73aca3c192918cf7af948d73aa1ff1e43760  lib/alloc.cyr
0847964081b1998fa584e74c5ff2a27ad183fc8e251fb620fd1fcf6f2aa9e12e  lib/syscalls_x86_64_linux.cyr
7ace2e11d610245de87c60089f1fbee92441084b2afde6d26658d36e91622585  lib/syscalls_x86_64_agnos.cyr
8a6c1a7307db912e85aee3cb1de49a5aa20a44aab99f9bd48837025906f9a376  lib/fmt.cyr
84611780a6809901b0e76fd2debb7bd089df8fb290901814bc06a38585eca359  lib/assert.cyr
619f0bce74b6b1ec0acf8ce3ed6839fe0a7c043bf16af6bae4e06f5e492af874  lib/args.cyr
65c97b05e22533d24bfd844646d530480b79973fa5b0277ad3f759f4398a328c  lib/chrono.cyr
942c760a65fc50f61dfedac20eb5f4f2032b8a955e13450835acff775824b811  lib/syscalls.cyr
299c2c7e203b339a6b97d3ab88d15f3465d72bda018c61e6951819eabd7cc018  lib/alloc_windows.cyr
f7b9d52f29de6d3d633962ccc765a76637091a7256eebc1da5547530eed2c44b  lib/args_win.cyr
3d74dd42290b04114e6560245ba7faf86c382ea9805e5cd40d7615f9a43a3222  lib/syscalls_aarch64_linux.cyr
8af62caaa9cdd96bca338a5587526a275a0e36dbfc33066febf81498321f9bb1  lib/bench.cyr
e46a35925484d3afbfaaac02676f51adaab953608879158d52f1b997fb5920a8  lib/vec.cyr
92fe6f0e5ffbd6e275e49cdf02e611b522562a2ba5f5ac7e6cf47704542e3dff  lib/io.cyr
05cc906f012eb9ce41125139207b58289fea0ed11acf0e7e0a8a6f2ac563468a  lib/setu.cyr
5c60803482e41924217c1dcd38e86d966f4ee75e9c15cba8bf698a56b8ed794d  lib/rupa.cyr
9fd6444e8cfcf7950837e955473adc5bab6d7bf4fa2c15f8ce2578360c4100eb  lib/hashmap.cyr
f39294af5dc32bec02ec7d2204ca82033abe4f4bafc78e9be792eb178132e244  lib/fnptr.cyr
5b5dd5a59b766d642d711e8c884780bfe3ba9efd2dcefb3c76230208556e8d54  lib/kashi_font_data.cyr
88690d2193fc878807733bd0409d8f3151000c0cc93553c4a5746a690606861d  lib/dhancha.cyr
ac3cf658727551d0d02db60393c6ac3587648a379154e633ddb81db6326298c3  lib/syscalls_windows.cyr
16e9be8b6d46bd0cd313b59813b76cd641a27cd5ec0b1fd493a02bb716e22290  lib/syscalls_linux_common.cyr
99f96283da419ad9f01d076269411c3d5214b6007a92d1bbe2356ab906a5d1a1  lib/args_macos.cyr
bf99f1f02ef990694c35be2f27fdaf3ec06ee9c3a546f4c8f9e06970f90fb9c1  lib/result.cyr
